// !$*UTF8*$!
{
	archiveVersion = 1;
	classes = {
	};
	objectVersion = 50;
	objects = {

/* Begin PBXBuildFile section */
		E01B03B823429C3A00DFCE82 /* PhotoView.swift in Sources */ = {isa = PBXBuildFile; fileRef = E01B03B723429C3A00DFCE82 /* PhotoView.swift */; };
		E05BBEBB234133A400BD7004 /* AppDelegate.swift in Sources */ = {isa = PBXBuildFile; fileRef = E05BBEBA234133A400BD7004 /* AppDelegate.swift */; };
		E05BBEBD234133A400BD7004 /* SceneDelegate.swift in Sources */ = {isa = PBXBuildFile; fileRef = E05BBEBC234133A400BD7004 /* SceneDelegate.swift */; };
		E05BBEBF234133A400BD7004 /* ViewController.swift in Sources */ = {isa = PBXBuildFile; fileRef = E05BBEBE234133A400BD7004 /* ViewController.swift */; };
		E05BBEC2234133A400BD7004 /* Main.storyboard in Resources */ = {isa = PBXBuildFile; fileRef = E05BBEC0234133A400BD7004 /* Main.storyboard */; };
		E05BBEC4234133A600BD7004 /* Assets.xcassets in Resources */ = {isa = PBXBuildFile; fileRef = E05BBEC3234133A600BD7004 /* Assets.xcassets */; };
		E05BBEC7234133A600BD7004 /* LaunchScreen.storyboard in Resources */ = {isa = PBXBuildFile; fileRef = E05BBEC5234133A600BD7004 /* LaunchScreen.storyboard */; };
		E05BBED42341418C00BD7004 /* PhotoCollection.swift in Sources */ = {isa = PBXBuildFile; fileRef = E05BBED32341418C00BD7004 /* PhotoCollection.swift */; };
		E05BBED6234142E600BD7004 /* PhotoCell.swift in Sources */ = {isa = PBXBuildFile; fileRef = E05BBED5234142E600BD7004 /* PhotoCell.swift */; };
/* End PBXBuildFile section */

/* Begin PBXFileReference section */
		E01B03B723429C3A00DFCE82 /* PhotoView.swift */ = {isa = PBXFileReference; lastKnownFileType = sourcecode.swift; path = PhotoView.swift; sourceTree = "<group>"; };
		E05BBEB7234133A400BD7004 /* HW2.4.app */ = {isa = PBXFileReference; explicitFileType = wrapper.application; includeInIndex = 0; path = HW2.4.app; sourceTree = BUILT_PRODUCTS_DIR; };
		E05BBEBA234133A400BD7004 /* AppDelegate.swift */ = {isa = PBXFileReference; lastKnownFileType = sourcecode.swift; path = AppDelegate.swift; sourceTree = "<group>"; };
		E05BBEBC234133A400BD7004 /* SceneDelegate.swift */ = {isa = PBXFileReference; lastKnownFileType = sourcecode.swift; path = SceneDelegate.swift; sourceTree = "<group>"; };
		E05BBEBE234133A400BD7004 /* ViewController.swift */ = {isa = PBXFileReference; lastKnownFileType = sourcecode.swift; path = ViewController.swift; sourceTree = "<group>"; };
		E05BBEC1234133A400BD7004 /* Base */ = {isa = PBXFileReference; lastKnownFileType = file.storyboard; name = Base; path = Base.lproj/Main.storyboard; sourceTree = "<group>"; };
		E05BBEC3234133A600BD7004 /* Assets.xcassets */ = {isa = PBXFileReference; lastKnownFileType = folder.assetcatalog; path = Assets.xcassets; sourceTree = "<group>"; };
		E05BBEC6234133A600BD7004 /* Base */ = {isa = PBXFileReference; lastKnownFileType = file.storyboard; name = Base; path = Base.lproj/LaunchScreen.storyboard; sourceTree = "<group>"; };
		E05BBEC8234133A600BD7004 /* Info.plist */ = {isa = PBXFileReference; lastKnownFileType = text.plist.xml; path = Info.plist; sourceTree = "<group>"; };
		E05BBED32341418C00BD7004 /* PhotoCollection.swift */ = {isa = PBXFileReference; lastKnownFileType = sourcecode.swift; path = PhotoCollection.swift; sourceTree = "<group>"; };
		E05BBED5234142E600BD7004 /* PhotoCell.swift */ = {isa = PBXFileReference; lastKnownFileType = sourcecode.swift; path = PhotoCell.swift; sourceTree = "<group>"; };
/* End PBXFileReference section */

/* Begin PBXFrameworksBuildPhase section */
		E05BBEB4234133A400BD7004 /* Frameworks */ = {
			isa = PBXFrameworksBuildPhase;
			buildActionMask = 2147483647;
			files = (
			);
			runOnlyForDeploymentPostprocessing = 0;
		};
/* End PBXFrameworksBuildPhase section */

/* Begin PBXGroup section */
		E05BBEAE234133A300BD7004 = {
			isa = PBXGroup;
			children = (
				E05BBEB9234133A400BD7004 /* HW2.4 */,
				E05BBEB8234133A400BD7004 /* Products */,
			);
			sourceTree = "<group>";
		};
		E05BBEB8234133A400BD7004 /* Products */ = {
			isa = PBXGroup;
			children = (
				E05BBEB7234133A400BD7004 /* HW2.4.app */,
			);
			name = Products;
			sourceTree = "<group>";
		};
		E05BBEB9234133A400BD7004 /* HW2.4 */ = {
			isa = PBXGroup;
			children = (
				E05BBEBA234133A400BD7004 /* AppDelegate.swift */,
				E05BBEBC234133A400BD7004 /* SceneDelegate.swift */,
				E05BBEBE234133A400BD7004 /* ViewController.swift */,
				E01B03B723429C3A00DFCE82 /* PhotoView.swift */,
				E05BBED32341418C00BD7004 /* PhotoCollection.swift */,
				E05BBED5234142E600BD7004 /* PhotoCell.swift */,
				E05BBEC3234133A600BD7004 /* Assets.xcassets */,
				E05BBEC0234133A400BD7004 /* Main.storyboard */,
				E05BBEC5234133A600BD7004 /* LaunchScreen.storyboard */,
				E05BBEC8234133A600BD7004 /* Info.plist */,
			);
			path = HW2.4;
			sourceTree = "<group>";
		};
/* End PBXGroup section */

/* Begin PBXNativeTarget section */
		E05BBEB6234133A400BD7004 /* HW2.4 */ = {
			isa = PBXNativeTarget;
			buildConfigurationList = E05BBECB234133A600BD7004 /* Build configuration list for PBXNativeTarget "HW2.4" */;
			buildPhases = (
				E05BBEB3234133A400BD7004 /* Sources */,
				E05BBEB4234133A400BD7004 /* Frameworks */,
				E05BBEB5234133A400BD7004 /* Resources */,
			);
			buildRules = (
			);
			dependencies = (
			);
			name = HW2.4;
			productName = HW2.4;
			productReference = E05BBEB7234133A400BD7004 /* HW2.4.app */;
			productType = "com.apple.product-type.application";
		};
/* End PBXNativeTarget section */

/* Begin PBXProject section */
		E05BBEAF234133A300BD7004 /* Project object */ = {
			isa = PBXProject;
			attributes = {
				LastSwiftUpdateCheck = 1100;
				LastUpgradeCheck = 1100;
				ORGANIZATIONNAME = "Вадим Гамзаев";
				TargetAttributes = {
					E05BBEB6234133A400BD7004 = {
						CreatedOnToolsVersion = 11.0;
					};
				};
			};
			buildConfigurationList = E05BBEB2234133A300BD7004 /* Build configuration list for PBXProject "HW2.4" */;
			compatibilityVersion = "Xcode 9.3";
			developmentRegion = en;
			hasScannedForEncodings = 0;
			knownRegions = (
				en,
				Base,
			);
			mainGroup = E05BBEAE234133A300BD7004;
			productRefGroup = E05BBEB8234133A400BD7004 /* Products */;
			projectDirPath = "";
			projectRoot = "";
			targets = (
				E05BBEB6234133A400BD7004 /* HW2.4 */,
			);
		};
/* End PBXProject section */

/* Begin PBXResourcesBuildPhase section */
		E05BBEB5234133A400BD7004 /* Resources */ = {
			isa = PBXResourcesBuildPhase;
			buildActionMask = 2147483647;
			files = (
				E05BBEC7234133A600BD7004 /* LaunchScreen.storyboard in Resources */,
				E05BBEC4234133A600BD7004 /* Assets.xcassets in Resources */,
				E05BBEC2234133A400BD7004 /* Main.storyboard in Resources */,
			);
			runOnlyForDeploymentPostprocessing = 0;
		};
/* End PBXResourcesBuildPhase section */

/* Begin PBXSourcesBuildPhase section */
		E05BBEB3234133A400BD7004 /* Sources */ = {
			isa = PBXSourcesBuildPhase;
			buildActionMask = 2147483647;
			files = (
				E05BBEBF234133A400BD7004 /* ViewController.swift in Sources */,
				E05BBED6234142E600BD7004 /* PhotoCell.swift in Sources */,
				E05BBEBB234133A400BD7004 /* AppDelegate.swift in Sources */,
				E01B03B823429C3A00DFCE82 /* PhotoView.swift in Sources */,
				E05BBED42341418C00BD7004 /* PhotoCollection.swift in Sources */,
				E05BBEBD234133A400BD7004 /* SceneDelegate.swift in Sources */,
			);
			runOnlyForDeploymentPostprocessing = 0;
		};
/* End PBXSourcesBuildPhase section */

/* Begin PBXVariantGroup section */
		E05BBEC0234133A400BD7004 /* Main.storyboard */ = {
			isa = PBXVariantGroup;
			children = (
				E05BBEC1234133A400BD7004 /* Base */,
			);
			name = Main.storyboard;
			sourceTree = "<group>";
		};
		E05BBEC5234133A600BD7004 /* LaunchScreen.storyboard */ = {
			isa = PBXVariantGroup;
			children = (
				E05BBEC6234133A600BD7004 /* Base */,
			);
			name = LaunchScreen.storyboard;
			sourceTree = "<group>";
		};
/* End PBXVariantGroup section */

/* Begin XCBuildConfiguration section */
		E05BBEC9234133A600BD7004 /* Debug */ = {
			isa = XCBuildConfiguration;
			buildSettings = {
				ALWAYS_SEARCH_USER_PATHS = NO;
				CLANG_ANALYZER_NONNULL = YES;
				CLANG_ANALYZER_NUMBER_OBJECT_CONVERSION = YES_AGGRESSIVE;
				CLANG_CXX_LANGUAGE_STANDARD = "gnu++14";
				CLANG_CXX_LIBRARY = "libc++";
				CLANG_ENABLE_MODULES = YES;
				CLANG_ENABLE_OBJC_ARC = YES;
				CLANG_ENABLE_OBJC_WEAK = YES;
				CLANG_WARN_BLOCK_CAPTURE_AUTORELEASING = YES;
				CLANG_WARN_BOOL_CONVERSION = YES;
				CLANG_WARN_COMMA = YES;
				CLANG_WARN_CONSTANT_CONVERSION = YES;
				CLANG_WARN_DEPRECATED_OBJC_IMPLEMENTATIONS = YES;
				CLANG_WARN_DIRECT_OBJC_ISA_USAGE = YES_ERROR;
				CLANG_WARN_DOCUMENTATION_COMMENTS = YES;
				CLANG_WARN_EMPTY_BODY = YES;
				CLANG_WARN_ENUM_CONVERSION = YES;
				CLANG_WARN_INFINITE_RECURSION = YES;
				CLANG_WARN_INT_CONVERSION = YES;
				CLANG_WARN_NON_LITERAL_NULL_CONVERSION = YES;
				CLANG_WARN_OBJC_IMPLICIT_RETAIN_SELF = YES;
				CLANG_WARN_OBJC_LITERAL_CONVERSION = YES;
				CLANG_WARN_OBJC_ROOT_CLASS = YES_ERROR;
				CLANG_WARN_RANGE_LOOP_ANALYSIS = YES;
				CLANG_WARN_STRICT_PROTOTYPES = YES;
				CLANG_WARN_SUSPICIOUS_MOVE = YES;
				CLANG_WARN_UNGUARDED_AVAILABILITY = YES_AGGRESSIVE;
				CLANG_WARN_UNREACHABLE_CODE = YES;
				CLANG_WARN__DUPLICATE_METHOD_MATCH = YES;
				COPY_PHASE_STRIP = NO;
				DEBUG_INFORMATION_FORMAT = dwarf;
				ENABLE_STRICT_OBJC_MSGSEND = YES;
				ENABLE_TESTABILITY = YES;
				GCC_C_LANGUAGE_STANDARD = gnu11;
				GCC_DYNAMIC_NO_PIC = NO;
				GCC_NO_COMMON_BLOCKS = YES;
				GCC_OPTIMIZATION_LEVEL = 0;
				GCC_PREPROCESSOR_DEFINITIONS = (
					"DEBUG=1",
					"$(inherited)",
				);
				GCC_WARN_64_TO_32_BIT_CONVERSION = YES;
				GCC_WARN_ABOUT_RETURN_TYPE = YES_ERROR;
				GCC_WARN_UNDECLARED_SELECTOR = YES;
				GCC_WARN_UNINITIALIZED_AUTOS = YES_AGGRESSIVE;
				GCC_WARN_UNUSED_FUNCTION = YES;
				GCC_WARN_UNUSED_VARIABLE = YES;
				IPHONEOS_DEPLOYMENT_TARGET = 13.0;
				MTL_ENABLE_DEBUG_INFO = INCLUDE_SOURCE;
				MTL_FAST_MATH = YES;
				ONLY_ACTIVE_ARCH = YES;
				SDKROOT = iphoneos;
				SWIFT_ACTIVE_COMPILATION_CONDITIONS = DEBUG;
				SWIFT_OPTIMIZATION_LEVEL = "-Onone";
			};
			name = Debug;
		};
		E05BBECA234133A600BD7004 /* Release */ = {
			isa = XCBuildConfiguration;
			buildSettings = {
				ALWAYS_SEARCH_USER_PATHS = NO;
				CLANG_ANALYZER_NONNULL = YES;
				CLANG_ANALYZER_NUMBER_OBJECT_CONVERSION = YES_AGGRESSIVE;
				CLANG_CXX_LANGUAGE_STANDARD = "gnu++14";
				CLANG_CXX_LIBRARY = "libc++";
				CLANG_ENABLE_MODULES = YES;
				CLANG_ENABLE_OBJC_ARC = YES;
				CLANG_ENABLE_OBJC_WEAK = YES;
				CLANG_WARN_BLOCK_CAPTURE_AUTORELEASING = YES;
				CLANG_WARN_BOOL_CONVERSION = YES;
				CLANG_WARN_COMMA = YES;
				CLANG_WARN_CONSTANT_CONVERSION = YES;
				CLANG_WARN_DEPRECATED_OBJC_IMPLEMENTATIONS = YES;
				CLANG_WARN_DIRECT_OBJC_ISA_USAGE = YES_ERROR;
				CLANG_WARN_DOCUMENTATION_COMMENTS = YES;
				CLANG_WARN_EMPTY_BODY = YES;
				CLANG_WARN_ENUM_CONVERSION = YES;
				CLANG_WARN_INFINITE_RECURSION = YES;
				CLANG_WARN_INT_CONVERSION = YES;
				CLANG_WARN_NON_LITERAL_NULL_CONVERSION = YES;
				CLANG_WARN_OBJC_IMPLICIT_RETAIN_SELF = YES;
				CLANG_WARN_OBJC_LITERAL_CONVERSION = YES;
				CLANG_WARN_OBJC_ROOT_CLASS = YES_ERROR;
				CLANG_WARN_RANGE_LOOP_ANALYSIS = YES;
				CLANG_WARN_STRICT_PROTOTYPES = YES;
				CLANG_WARN_SUSPICIOUS_MOVE = YES;
				CLANG_WARN_UNGUARDED_AVAILABILITY = YES_AGGRESSIVE;
				CLANG_WARN_UNREACHABLE_CODE = YES;
				CLANG_WARN__DUPLICATE_METHOD_MATCH = YES;
				COPY_PHASE_STRIP = NO;
				DEBUG_INFORMATION_FORMAT = "dwarf-with-dsym";
				ENABLE_NS_ASSERTIONS = NO;
				ENABLE_STRICT_OBJC_MSGSEND = YES;
				GCC_C_LANGUAGE_STANDARD = gnu11;
				GCC_NO_COMMON_BLOCKS = YES;
				GCC_WARN_64_TO_32_BIT_CONVERSION = YES;
				GCC_WARN_ABOUT_RETURN_TYPE = YES_ERROR;
				GCC_WARN_UNDECLARED_SELECTOR = YES;
				GCC_WARN_UNINITIALIZED_AUTOS = YES_AGGRESSIVE;
				GCC_WARN_UNUSED_FUNCTION = YES;
				GCC_WARN_UNUSED_VARIABLE = YES;
				IPHONEOS_DEPLOYMENT_TARGET = 13.0;
				MTL_ENABLE_DEBUG_INFO = NO;
				MTL_FAST_MATH = YES;
				SDKROOT = iphoneos;
				SWIFT_COMPILATION_MODE = wholemodule;
				SWIFT_OPTIMIZATION_LEVEL = "-O";
				VALIDATE_PRODUCT = YES;
			};
			name = Release;
		};
		E05BBECC234133A600BD7004 /* Debug */ = {
			isa = XCBuildConfiguration;
			buildSettings = {
				ASSETCATALOG_COMPILER_APPICON_NAME = AppIcon;
				CODE_SIGN_STYLE = Automatic;
				INFOPLIST_FILE = HW2.4/Info.plist;
				LD_RUNPATH_SEARCH_PATHS = (
					"$(inherited)",
					"@executable_path/Frameworks",
				);
				PRODUCT_BUNDLE_IDENTIFIER = "Vadim-Gamzaev.HW2-4";
				PRODUCT_NAME = "$(TARGET_NAME)";
				SWIFT_VERSION = 5.0;
				TARGETED_DEVICE_FAMILY = "1,2";
			};
			name = Debug;
		};
		E05BBECD234133A600BD7004 /* Release */ = {
			isa = XCBuildConfiguration;
			buildSettings = {
				ASSETCATALOG_COMPILER_APPICON_NAME = AppIcon;
				CODE_SIGN_STYLE = Automatic;
				INFOPLIST_FILE = HW2.4/Info.plist;
				LD_RUNPATH_SEARCH_PATHS = (
					"$(inherited)",
					"@executable_path/Frameworks",
				);
				PRODUCT_BUNDLE_IDENTIFIER = "Vadim-Gamzaev.HW2-4";
				PRODUCT_NAME = "$(TARGET_NAME)";
				SWIFT_VERSION = 5.0;
				TARGETED_DEVICE_FAMILY = "1,2";
			};
			name = Release;
		};
/* End XCBuildConfiguration section */

/* Begin XCConfigurationList section */
		E05BBEB2234133A300BD7004 /* Build configuration list for PBXProject "HW2.4" */ = {
			isa = XCConfigurationList;
			buildConfigurations = (
				E05BBEC9234133A600BD7004 /* Debug */,
				E05BBECA234133A600BD7004 /* Release */,
			);
			defaultConfigurationIsVisible = 0;
			defaultConfigurationName = Release;
		};
		E05BBECB234133A600BD7004 /* Build configuration list for PBXNativeTarget "HW2.4" */ = {
			isa = XCConfigurationList;
			buildConfigurations = (
				E05BBECC234133A600BD7004 /* Debug */,
				E05BBECD234133A600BD7004 /* Release */,
			);
			defaultConfigurationIsVisible = 0;
			defaultConfigurationName = Release;
		};
/* End XCConfigurationList section */
	};
	rootObject = E05BBEAF234133A300BD7004 /* Project object */;
}
